
Microsoft Visual Studio Solution File, Format Version 12.00
# Visual Studio 2012
Project("{FAE04EC0-301F-11D3-BF4B-00C04F79EFBC}") = "CheckDif", "CheckDif\CheckDif.csproj", "{9F18DBB1-2DC8-422B-B1F9-7C1FF892B685}"
EndProject
Project("{FAE04EC0-301F-11D3-BF4B-00C04F79EFBC}") = "CheckDifTests", "CheckDifTests\CheckDifTests.csproj", "{ED3B230F-DB32-4E23-8002-3C7138F66131}"
EndProject
Global
	GlobalSection(SolutionConfigurationPlatforms) = preSolution
		Debug|Any CPU = Debug|Any CPU
		Release|Any CPU = Release|Any CPU
	EndGlobalSection
	GlobalSection(ProjectConfigurationPlatforms) = postSolution
		{9F18DBB1-2DC8-422B-B1F9-7C1FF892B685}.Debug|Any CPU.ActiveCfg = Debug|Any CPU
		{9F18DBB1-2DC8-422B-B1F9-7C1FF892B685}.Debug|Any CPU.Build.0 = Debug|Any CPU
		{9F18DBB1-2DC8-422B-B1F9-7C1FF892B685}.Release|Any CPU.ActiveCfg = Release|Any CPU
		{9F18DBB1-2DC8-422B-B1F9-7C1FF892B685}.Release|Any CPU.Build.0 = Release|Any CPU
		{ED3B230F-DB32-4E23-8002-3C7138F66131}.Debug|Any CPU.ActiveCfg = Debug|Any CPU
		{ED3B230F-DB32-4E23-8002-3C7138F66131}.Debug|Any CPU.Build.0 = Debug|Any CPU
		{ED3B230F-DB32-4E23-8002-3C7138F66131}.Release|Any CPU.ActiveCfg = Release|Any CPU
		{ED3B230F-DB32-4E23-8002-3C7138F66131}.Release|Any CPU.Build.0 = Release|Any CPU
	EndGlobalSection
	GlobalSection(SolutionProperties) = preSolution
		HideSolutionNode = FALSE
	EndGlobalSection
EndGlobal
